// !$*UTF8*$!
{
	archiveVersion = 1;
	classes = {
	};
	objectVersion = 46;
	objects = {

/* Begin PBXBuildFile section */
		D812A3A61D312F6D00AF3246 /* SplashViewController.swift in Sources */ = {isa = PBXBuildFile; fileRef = D812A3A51D312F6D00AF3246 /* SplashViewController.swift */; };
		D812A3A91D32F6F900AF3246 /* Presenter.swift in Sources */ = {isa = PBXBuildFile; fileRef = D812A3A81D32F6F900AF3246 /* Presenter.swift */; };
		D812A3AC1D32F73A00AF3246 /* Interactor.swift in Sources */ = {isa = PBXBuildFile; fileRef = D812A3AB1D32F73A00AF3246 /* Interactor.swift */; };
		D812A3AF1D32F79D00AF3246 /* Router.swift in Sources */ = {isa = PBXBuildFile; fileRef = D812A3AE1D32F79D00AF3246 /* Router.swift */; };
		D81ACA961D2EBF3F0059C841 /* Localizable.strings in Resources */ = {isa = PBXBuildFile; fileRef = D81ACA981D2EBF3F0059C841 /* Localizable.strings */; };
		D81ACA9B1D2EC3420059C841 /* AppDelegate+Navigation.swift in Sources */ = {isa = PBXBuildFile; fileRef = D81ACA9A1D2EC3420059C841 /* AppDelegate+Navigation.swift */; };
		D81ACA9F1D300F0C0059C841 /* HomePresenter.swift in Sources */ = {isa = PBXBuildFile; fileRef = D81ACA9E1D300F0C0059C841 /* HomePresenter.swift */; };
		D81ACAA11D300F200059C841 /* HomeInteractor.swift in Sources */ = {isa = PBXBuildFile; fileRef = D81ACAA01D300F200059C841 /* HomeInteractor.swift */; };
		D81ACAA31D300F2F0059C841 /* HomeRouter.swift in Sources */ = {isa = PBXBuildFile; fileRef = D81ACAA21D300F2F0059C841 /* HomeRouter.swift */; };
		D85A33721D2BD7E8007D9CC8 /* Assets.xcassets in Resources */ = {isa = PBXBuildFile; fileRef = D85A33711D2BD7E8007D9CC8 /* Assets.xcassets */; };
		D85A33751D2BD7E8007D9CC8 /* LaunchScreen.storyboard in Resources */ = {isa = PBXBuildFile; fileRef = D85A33731D2BD7E8007D9CC8 /* LaunchScreen.storyboard */; };
		D85A33801D2BD7E9007D9CC8 /* RappiTests.swift in Sources */ = {isa = PBXBuildFile; fileRef = D85A337F1D2BD7E9007D9CC8 /* RappiTests.swift */; };
		D85A338B1D2BD7E9007D9CC8 /* RappiUITests.swift in Sources */ = {isa = PBXBuildFile; fileRef = D85A338A1D2BD7E9007D9CC8 /* RappiUITests.swift */; };
		D85A33A11D2C03F4007D9CC8 /* AppDelegate.swift in Sources */ = {isa = PBXBuildFile; fileRef = D85A33A01D2C03F4007D9CC8 /* AppDelegate.swift */; };
		D85A33A41D2C09F9007D9CC8 /* RappiViewController.swift in Sources */ = {isa = PBXBuildFile; fileRef = D85A33A31D2C09F9007D9CC8 /* RappiViewController.swift */; };
		D85A33AA1D2C0EF0007D9CC8 /* ViewController+Device.swift in Sources */ = {isa = PBXBuildFile; fileRef = D85A33A91D2C0EF0007D9CC8 /* ViewController+Device.swift */; };
		D85A33AC1D2C1700007D9CC8 /* UIView+Style.swift in Sources */ = {isa = PBXBuildFile; fileRef = D85A33AB1D2C1700007D9CC8 /* UIView+Style.swift */; };
		D85A33B81D2C1A44007D9CC8 /* RestManager.swift in Sources */ = {isa = PBXBuildFile; fileRef = D85A33B71D2C1A44007D9CC8 /* RestManager.swift */; };
		D85A33BA1D2C1C9D007D9CC8 /* Application+RestManager.swift in Sources */ = {isa = PBXBuildFile; fileRef = D85A33B91D2C1C9D007D9CC8 /* Application+RestManager.swift */; };
		D85A33BC1D2C1E88007D9CC8 /* AppDelegate+CoreData.swift in Sources */ = {isa = PBXBuildFile; fileRef = D85A33BB1D2C1E88007D9CC8 /* AppDelegate+CoreData.swift */; };
		D8B622831D2D5C2700302BAC /* HomeViewController.swift in Sources */ = {isa = PBXBuildFile; fileRef = D8B622821D2D5C2700302BAC /* HomeViewController.swift */; };
		D8B622891D2D5E8400302BAC /* AppConfig.swift in Sources */ = {isa = PBXBuildFile; fileRef = D8B622881D2D5E8400302BAC /* AppConfig.swift */; };
		D8B6228C1D2D5ECB00302BAC /* BaseView.swift in Sources */ = {isa = PBXBuildFile; fileRef = D8B6228B1D2D5ECB00302BAC /* BaseView.swift */; };
		D8B6228E1D2D5FD100302BAC /* HomeView.swift in Sources */ = {isa = PBXBuildFile; fileRef = D8B6228D1D2D5FD100302BAC /* HomeView.swift */; };
		D8B622911D2D61AD00302BAC /* RappiView.swift in Sources */ = {isa = PBXBuildFile; fileRef = D8B622901D2D61AD00302BAC /* RappiView.swift */; };
		D8B622931D2D70D600302BAC /* CollectionDataSource.swift in Sources */ = {isa = PBXBuildFile; fileRef = D8B622921D2D70D600302BAC /* CollectionDataSource.swift */; };
		D8B622961D2D71DD00302BAC /* AppDimentions.swift in Sources */ = {isa = PBXBuildFile; fileRef = D8B622951D2D71DD00302BAC /* AppDimentions.swift */; };
		D8B622981D2D71F500302BAC /* AppStyles.swift in Sources */ = {isa = PBXBuildFile; fileRef = D8B622971D2D71F500302BAC /* AppStyles.swift */; };
		D8B6229B1D2D72F600302BAC /* Color+Hex.swift in Sources */ = {isa = PBXBuildFile; fileRef = D8B6229A1D2D72F600302BAC /* Color+Hex.swift */; };
		D8B622A11D2D7EF800302BAC /* SplashView.swift in Sources */ = {isa = PBXBuildFile; fileRef = D8B622A01D2D7EF800302BAC /* SplashView.swift */; };
		D8BBBA5E1D2C65DA00D88D13 /* AppConfig.json in Resources */ = {isa = PBXBuildFile; fileRef = D8BBBA5D1D2C65DA00D88D13 /* AppConfig.json */; };
		D8BBBA681D2C810100D88D13 /* RappiConfig.swift in Sources */ = {isa = PBXBuildFile; fileRef = D8BBBA671D2C810100D88D13 /* RappiConfig.swift */; };
		E37B7F064085A14FAD5D7781 /* Pods_Rappi.framework in Frameworks */ = {isa = PBXBuildFile; fileRef = AC57AF7436AFF1547E3FD2B5 /* Pods_Rappi.framework */; };
/* End PBXBuildFile section */

/* Begin PBXContainerItemProxy section */
		D85A337C1D2BD7E9007D9CC8 /* PBXContainerItemProxy */ = {
			isa = PBXContainerItemProxy;
			containerPortal = D85A335F1D2BD7E8007D9CC8 /* Project object */;
			proxyType = 1;
			remoteGlobalIDString = D85A33661D2BD7E8007D9CC8;
			remoteInfo = Rappi;
		};
		D85A33871D2BD7E9007D9CC8 /* PBXContainerItemProxy */ = {
			isa = PBXContainerItemProxy;
			containerPortal = D85A335F1D2BD7E8007D9CC8 /* Project object */;
			proxyType = 1;
			remoteGlobalIDString = D85A33661D2BD7E8007D9CC8;
			remoteInfo = Rappi;
		};
/* End PBXContainerItemProxy section */

/* Begin PBXFileReference section */
		05507244113781D7AE5BBC9E /* Pods-Rappi.debug.xcconfig */ = {isa = PBXFileReference; includeInIndex = 1; lastKnownFileType = text.xcconfig; name = "Pods-Rappi.debug.xcconfig"; path = "Pods/Target Support Files/Pods-Rappi/Pods-Rappi.debug.xcconfig"; sourceTree = "<group>"; };
		17352A2FDA33D1D03AA9D059 /* Pods-Rappi.release.xcconfig */ = {isa = PBXFileReference; includeInIndex = 1; lastKnownFileType = text.xcconfig; name = "Pods-Rappi.release.xcconfig"; path = "Pods/Target Support Files/Pods-Rappi/Pods-Rappi.release.xcconfig"; sourceTree = "<group>"; };
		AC57AF7436AFF1547E3FD2B5 /* Pods_Rappi.framework */ = {isa = PBXFileReference; explicitFileType = wrapper.framework; includeInIndex = 0; path = Pods_Rappi.framework; sourceTree = BUILT_PRODUCTS_DIR; };
		D812A3A51D312F6D00AF3246 /* SplashViewController.swift */ = {isa = PBXFileReference; fileEncoding = 4; lastKnownFileType = sourcecode.swift; name = SplashViewController.swift; path = Rappi/Controller/Splash/SplashViewController.swift; sourceTree = SOURCE_ROOT; };
		D812A3A81D32F6F900AF3246 /* Presenter.swift */ = {isa = PBXFileReference; fileEncoding = 4; lastKnownFileType = sourcecode.swift; path = Presenter.swift; sourceTree = "<group>"; };
		D812A3AB1D32F73A00AF3246 /* Interactor.swift */ = {isa = PBXFileReference; fileEncoding = 4; lastKnownFileType = sourcecode.swift; path = Interactor.swift; sourceTree = "<group>"; };
		D812A3AE1D32F79D00AF3246 /* Router.swift */ = {isa = PBXFileReference; fileEncoding = 4; lastKnownFileType = sourcecode.swift; path = Router.swift; sourceTree = "<group>"; };
		D81ACA881D2E76420059C841 /* es */ = {isa = PBXFileReference; lastKnownFileType = text.plist.strings; name = es; path = es.lproj/LaunchScreen.strings; sourceTree = "<group>"; };
		D81ACA971D2EBF3F0059C841 /* es */ = {isa = PBXFileReference; lastKnownFileType = text.plist.strings; name = es; path = es.lproj/Localizable.strings; sourceTree = "<group>"; };
		D81ACA991D2EBF400059C841 /* en */ = {isa = PBXFileReference; lastKnownFileType = text.plist.strings; name = en; path = en.lproj/Localizable.strings; sourceTree = "<group>"; };
		D81ACA9A1D2EC3420059C841 /* AppDelegate+Navigation.swift */ = {isa = PBXFileReference; fileEncoding = 4; lastKnownFileType = sourcecode.swift; path = "AppDelegate+Navigation.swift"; sourceTree = "<group>"; };
		D81ACA9E1D300F0C0059C841 /* HomePresenter.swift */ = {isa = PBXFileReference; fileEncoding = 4; lastKnownFileType = sourcecode.swift; path = HomePresenter.swift; sourceTree = "<group>"; };
		D81ACAA01D300F200059C841 /* HomeInteractor.swift */ = {isa = PBXFileReference; fileEncoding = 4; lastKnownFileType = sourcecode.swift; path = HomeInteractor.swift; sourceTree = "<group>"; };
		D81ACAA21D300F2F0059C841 /* HomeRouter.swift */ = {isa = PBXFileReference; fileEncoding = 4; lastKnownFileType = sourcecode.swift; path = HomeRouter.swift; sourceTree = "<group>"; };
		D85A33671D2BD7E8007D9CC8 /* Rappi.app */ = {isa = PBXFileReference; explicitFileType = wrapper.application; includeInIndex = 0; path = Rappi.app; sourceTree = BUILT_PRODUCTS_DIR; };
		D85A33711D2BD7E8007D9CC8 /* Assets.xcassets */ = {isa = PBXFileReference; lastKnownFileType = folder.assetcatalog; path = Assets.xcassets; sourceTree = "<group>"; };
		D85A33741D2BD7E8007D9CC8 /* Base */ = {isa = PBXFileReference; lastKnownFileType = file.storyboard; name = Base; path = Base.lproj/LaunchScreen.storyboard; sourceTree = "<group>"; };
		D85A33761D2BD7E8007D9CC8 /* Info.plist */ = {isa = PBXFileReference; lastKnownFileType = text.plist.xml; path = Info.plist; sourceTree = "<group>"; };
		D85A337B1D2BD7E9007D9CC8 /* RappiTests.xctest */ = {isa = PBXFileReference; explicitFileType = wrapper.cfbundle; includeInIndex = 0; path = RappiTests.xctest; sourceTree = BUILT_PRODUCTS_DIR; };
		D85A337F1D2BD7E9007D9CC8 /* RappiTests.swift */ = {isa = PBXFileReference; lastKnownFileType = sourcecode.swift; path = RappiTests.swift; sourceTree = "<group>"; };
		D85A33811D2BD7E9007D9CC8 /* Info.plist */ = {isa = PBXFileReference; lastKnownFileType = text.plist.xml; path = Info.plist; sourceTree = "<group>"; };
		D85A33861D2BD7E9007D9CC8 /* RappiUITests.xctest */ = {isa = PBXFileReference; explicitFileType = wrapper.cfbundle; includeInIndex = 0; path = RappiUITests.xctest; sourceTree = BUILT_PRODUCTS_DIR; };
		D85A338A1D2BD7E9007D9CC8 /* RappiUITests.swift */ = {isa = PBXFileReference; lastKnownFileType = sourcecode.swift; path = RappiUITests.swift; sourceTree = "<group>"; };
		D85A338C1D2BD7E9007D9CC8 /* Info.plist */ = {isa = PBXFileReference; lastKnownFileType = text.plist.xml; path = Info.plist; sourceTree = "<group>"; };
		D85A33A01D2C03F4007D9CC8 /* AppDelegate.swift */ = {isa = PBXFileReference; fileEncoding = 4; lastKnownFileType = sourcecode.swift; path = AppDelegate.swift; sourceTree = "<group>"; };
		D85A33A31D2C09F9007D9CC8 /* RappiViewController.swift */ = {isa = PBXFileReference; fileEncoding = 4; lastKnownFileType = sourcecode.swift; path = RappiViewController.swift; sourceTree = "<group>"; };
		D85A33A91D2C0EF0007D9CC8 /* ViewController+Device.swift */ = {isa = PBXFileReference; fileEncoding = 4; lastKnownFileType = sourcecode.swift; path = "ViewController+Device.swift"; sourceTree = "<group>"; };
		D85A33AB1D2C1700007D9CC8 /* UIView+Style.swift */ = {isa = PBXFileReference; fileEncoding = 4; lastKnownFileType = sourcecode.swift; path = "UIView+Style.swift"; sourceTree = "<group>"; };
		D85A33B71D2C1A44007D9CC8 /* RestManager.swift */ = {isa = PBXFileReference; fileEncoding = 4; lastKnownFileType = sourcecode.swift; path = RestManager.swift; sourceTree = "<group>"; };
		D85A33B91D2C1C9D007D9CC8 /* Application+RestManager.swift */ = {isa = PBXFileReference; fileEncoding = 4; lastKnownFileType = sourcecode.swift; path = "Application+RestManager.swift"; sourceTree = "<group>"; };
		D85A33BB1D2C1E88007D9CC8 /* AppDelegate+CoreData.swift */ = {isa = PBXFileReference; fileEncoding = 4; lastKnownFileType = sourcecode.swift; path = "AppDelegate+CoreData.swift"; sourceTree = "<group>"; };
		D8B622821D2D5C2700302BAC /* HomeViewController.swift */ = {isa = PBXFileReference; fileEncoding = 4; lastKnownFileType = sourcecode.swift; path = HomeViewController.swift; sourceTree = "<group>"; };
		D8B622881D2D5E8400302BAC /* AppConfig.swift */ = {isa = PBXFileReference; fileEncoding = 4; lastKnownFileType = sourcecode.swift; path = AppConfig.swift; sourceTree = "<group>"; };
		D8B6228B1D2D5ECB00302BAC /* BaseView.swift */ = {isa = PBXFileReference; fileEncoding = 4; lastKnownFileType = sourcecode.swift; path = BaseView.swift; sourceTree = "<group>"; };
		D8B6228D1D2D5FD100302BAC /* HomeView.swift */ = {isa = PBXFileReference; fileEncoding = 4; lastKnownFileType = sourcecode.swift; path = HomeView.swift; sourceTree = "<group>"; };
		D8B622901D2D61AD00302BAC /* RappiView.swift */ = {isa = PBXFileReference; fileEncoding = 4; lastKnownFileType = sourcecode.swift; path = RappiView.swift; sourceTree = "<group>"; };
		D8B622921D2D70D600302BAC /* CollectionDataSource.swift */ = {isa = PBXFileReference; fileEncoding = 4; lastKnownFileType = sourcecode.swift; path = CollectionDataSource.swift; sourceTree = "<group>"; };
		D8B622951D2D71DD00302BAC /* AppDimentions.swift */ = {isa = PBXFileReference; fileEncoding = 4; lastKnownFileType = sourcecode.swift; path = AppDimentions.swift; sourceTree = "<group>"; };
		D8B622971D2D71F500302BAC /* AppStyles.swift */ = {isa = PBXFileReference; fileEncoding = 4; lastKnownFileType = sourcecode.swift; path = AppStyles.swift; sourceTree = "<group>"; };
		D8B6229A1D2D72F600302BAC /* Color+Hex.swift */ = {isa = PBXFileReference; fileEncoding = 4; lastKnownFileType = sourcecode.swift; path = "Color+Hex.swift"; sourceTree = "<group>"; };
		D8B622A01D2D7EF800302BAC /* SplashView.swift */ = {isa = PBXFileReference; fileEncoding = 4; lastKnownFileType = sourcecode.swift; path = SplashView.swift; sourceTree = "<group>"; };
		D8BBBA5D1D2C65DA00D88D13 /* AppConfig.json */ = {isa = PBXFileReference; fileEncoding = 4; lastKnownFileType = text.json; path = AppConfig.json; sourceTree = "<group>"; };
		D8BBBA671D2C810100D88D13 /* RappiConfig.swift */ = {isa = PBXFileReference; fileEncoding = 4; lastKnownFileType = sourcecode.swift; path = RappiConfig.swift; sourceTree = "<group>"; };
/* End PBXFileReference section */

/* Begin PBXFrameworksBuildPhase section */
		D85A33641D2BD7E8007D9CC8 /* Frameworks */ = {
			isa = PBXFrameworksBuildPhase;
			buildActionMask = 2147483647;
			files = (
				E37B7F064085A14FAD5D7781 /* Pods_Rappi.framework in Frameworks */,
			);
			runOnlyForDeploymentPostprocessing = 0;
		};
		D85A33781D2BD7E9007D9CC8 /* Frameworks */ = {
			isa = PBXFrameworksBuildPhase;
			buildActionMask = 2147483647;
			files = (
			);
			runOnlyForDeploymentPostprocessing = 0;
		};
		D85A33831D2BD7E9007D9CC8 /* Frameworks */ = {
			isa = PBXFrameworksBuildPhase;
			buildActionMask = 2147483647;
			files = (
			);
			runOnlyForDeploymentPostprocessing = 0;
		};
/* End PBXFrameworksBuildPhase section */

/* Begin PBXGroup section */
		7AB77A39CC6C20502D55F368 /* Frameworks */ = {
			isa = PBXGroup;
			children = (
				AC57AF7436AFF1547E3FD2B5 /* Pods_Rappi.framework */,
			);
			name = Frameworks;
			sourceTree = "<group>";
		};
		C18AF4B111FEFE28C39AAB35 /* Pods */ = {
			isa = PBXGroup;
			children = (
				05507244113781D7AE5BBC9E /* Pods-Rappi.debug.xcconfig */,
				17352A2FDA33D1D03AA9D059 /* Pods-Rappi.release.xcconfig */,
			);
			name = Pods;
			sourceTree = "<group>";
		};
		D812A3A71D32F6D800AF3246 /* Presenter */ = {
			isa = PBXGroup;
			children = (
				D812A3A81D32F6F900AF3246 /* Presenter.swift */,
			);
			path = Presenter;
			sourceTree = "<group>";
		};
		D812A3AA1D32F70E00AF3246 /* Interactor */ = {
			isa = PBXGroup;
			children = (
				D812A3AB1D32F73A00AF3246 /* Interactor.swift */,
			);
			path = Interactor;
			sourceTree = "<group>";
		};
		D812A3AD1D32F78900AF3246 /* Router */ = {
			isa = PBXGroup;
			children = (
				D812A3AE1D32F79D00AF3246 /* Router.swift */,
			);
			path = Router;
			sourceTree = "<group>";
		};
		D81ACA8F1D2EBED50059C841 /* Language */ = {
			isa = PBXGroup;
			children = (
				D81ACA981D2EBF3F0059C841 /* Localizable.strings */,
			);
			path = Language;
			sourceTree = "<group>";
		};
		D85A335E1D2BD7E8007D9CC8 = {
			isa = PBXGroup;
			children = (
				D85A33691D2BD7E8007D9CC8 /* Rappi */,
				D85A337E1D2BD7E9007D9CC8 /* RappiTests */,
				D85A33891D2BD7E9007D9CC8 /* RappiUITests */,
				D85A33681D2BD7E8007D9CC8 /* Products */,
				C18AF4B111FEFE28C39AAB35 /* Pods */,
				7AB77A39CC6C20502D55F368 /* Frameworks */,
			);
			sourceTree = "<group>";
		};
		D85A33681D2BD7E8007D9CC8 /* Products */ = {
			isa = PBXGroup;
			children = (
				D85A33671D2BD7E8007D9CC8 /* Rappi.app */,
				D85A337B1D2BD7E9007D9CC8 /* RappiTests.xctest */,
				D85A33861D2BD7E9007D9CC8 /* RappiUITests.xctest */,
			);
			name = Products;
			sourceTree = "<group>";
		};
		D85A33691D2BD7E8007D9CC8 /* Rappi */ = {
			isa = PBXGroup;
			children = (
				D8BBBA621D2C7F9F00D88D13 /* Core */,
				D8B622941D2D71B100302BAC /* Styles */,
				D8B622851D2D5DE700302BAC /* View */,
				D85A339F1D2C03A2007D9CC8 /* Utils */,
				D85A339E1D2C037C007D9CC8 /* Application */,
				D85A339D1D2C0315007D9CC8 /* Controller */,
				D85A339B1D2C02CD007D9CC8 /* Business */,
				D85A339A1D2C02A3007D9CC8 /* DataAccess */,
				D85A33981D2C0084007D9CC8 /* Resources */,
				D85A33711D2BD7E8007D9CC8 /* Assets.xcassets */,
				D85A33731D2BD7E8007D9CC8 /* LaunchScreen.storyboard */,
				D85A33761D2BD7E8007D9CC8 /* Info.plist */,
			);
			path = Rappi;
			sourceTree = "<group>";
		};
		D85A337E1D2BD7E9007D9CC8 /* RappiTests */ = {
			isa = PBXGroup;
			children = (
				D85A337F1D2BD7E9007D9CC8 /* RappiTests.swift */,
				D85A33811D2BD7E9007D9CC8 /* Info.plist */,
			);
			path = RappiTests;
			sourceTree = "<group>";
		};
		D85A33891D2BD7E9007D9CC8 /* RappiUITests */ = {
			isa = PBXGroup;
			children = (
				D85A338A1D2BD7E9007D9CC8 /* RappiUITests.swift */,
				D85A338C1D2BD7E9007D9CC8 /* Info.plist */,
			);
			path = RappiUITests;
			sourceTree = "<group>";
		};
		D85A33981D2C0084007D9CC8 /* Resources */ = {
			isa = PBXGroup;
			children = (
				D81ACA8F1D2EBED50059C841 /* Language */,
				D8BBBA5F1D2C65E100D88D13 /* Config */,
			);
			path = Resources;
			sourceTree = "<group>";
		};
		D85A339A1D2C02A3007D9CC8 /* DataAccess */ = {
			isa = PBXGroup;
			children = (
				D85A33B11D2C1968007D9CC8 /* Rest */,
			);
			path = DataAccess;
			sourceTree = "<group>";
		};
		D85A339B1D2C02CD007D9CC8 /* Business */ = {
			isa = PBXGroup;
			children = (
				D85A33AF1D2C18FE007D9CC8 /* Model */,
				D85A33AE1D2C1881007D9CC8 /* Adapters */,
				D85A33AD1D2C17DA007D9CC8 /* UseCases */,
			);
			path = Business;
			sourceTree = "<group>";
		};
		D85A339D1D2C0315007D9CC8 /* Controller */ = {
			isa = PBXGroup;
			children = (
				D8B6229C1D2D7C9800302BAC /* Splash */,
				D8B622811D2D5BF400302BAC /* Home */,
				D85A33A21D2C09D4007D9CC8 /* Base */,
			);
			path = Controller;
			sourceTree = "<group>";
		};
		D85A339E1D2C037C007D9CC8 /* Application */ = {
			isa = PBXGroup;
			children = (
				D85A33A01D2C03F4007D9CC8 /* AppDelegate.swift */,
				D85A33B91D2C1C9D007D9CC8 /* Application+RestManager.swift */,
				D85A33BB1D2C1E88007D9CC8 /* AppDelegate+CoreData.swift */,
				D8BBBA671D2C810100D88D13 /* RappiConfig.swift */,
				D81ACA9A1D2EC3420059C841 /* AppDelegate+Navigation.swift */,
			);
			path = Application;
			sourceTree = "<group>";
		};
		D85A339F1D2C03A2007D9CC8 /* Utils */ = {
			isa = PBXGroup;
			children = (
				D85A33A81D2C0E8D007D9CC8 /* Extensions */,
				D8B622921D2D70D600302BAC /* CollectionDataSource.swift */,
			);
			path = Utils;
			sourceTree = "<group>";
		};
		D85A33A21D2C09D4007D9CC8 /* Base */ = {
			isa = PBXGroup;
			children = (
				D85A33A31D2C09F9007D9CC8 /* RappiViewController.swift */,
			);
			path = Base;
			sourceTree = "<group>";
		};
		D85A33A81D2C0E8D007D9CC8 /* Extensions */ = {
			isa = PBXGroup;
			children = (
				D85A33A91D2C0EF0007D9CC8 /* ViewController+Device.swift */,
				D85A33AB1D2C1700007D9CC8 /* UIView+Style.swift */,
			);
			path = Extensions;
			sourceTree = "<group>";
		};
		D85A33AD1D2C17DA007D9CC8 /* UseCases */ = {
			isa = PBXGroup;
			children = (
			);
			path = UseCases;
			sourceTree = "<group>";
		};
		D85A33AE1D2C1881007D9CC8 /* Adapters */ = {
			isa = PBXGroup;
			children = (
			);
			path = Adapters;
			sourceTree = "<group>";
		};
		D85A33AF1D2C18FE007D9CC8 /* Model */ = {
			isa = PBXGroup;
			children = (
			);
			path = Model;
			sourceTree = "<group>";
		};
		D85A33B11D2C1968007D9CC8 /* Rest */ = {
			isa = PBXGroup;
			children = (
				D85A33B61D2C1A16007D9CC8 /* Manager */,
				D85A33B51D2C19FC007D9CC8 /* Services */,
				D85A33B41D2C19BA007D9CC8 /* Model */,
			);
			path = Rest;
			sourceTree = "<group>";
		};
		D85A33B41D2C19BA007D9CC8 /* Model */ = {
			isa = PBXGroup;
			children = (
			);
			path = Model;
			sourceTree = "<group>";
		};
		D85A33B51D2C19FC007D9CC8 /* Services */ = {
			isa = PBXGroup;
			children = (
			);
			path = Services;
			sourceTree = "<group>";
		};
		D85A33B61D2C1A16007D9CC8 /* Manager */ = {
			isa = PBXGroup;
			children = (
				D85A33B71D2C1A44007D9CC8 /* RestManager.swift */,
			);
			path = Manager;
			sourceTree = "<group>";
		};
		D8B622811D2D5BF400302BAC /* Home */ = {
			isa = PBXGroup;
			children = (
				D8B622821D2D5C2700302BAC /* HomeViewController.swift */,
				D81ACA9E1D300F0C0059C841 /* HomePresenter.swift */,
				D81ACAA01D300F200059C841 /* HomeInteractor.swift */,
				D81ACAA21D300F2F0059C841 /* HomeRouter.swift */,
			);
			path = Home;
			sourceTree = "<group>";
		};
		D8B622851D2D5DE700302BAC /* View */ = {
			isa = PBXGroup;
			children = (
				D8B6228F1D2D618500302BAC /* Base */,
				D8B6229F1D2D7EDD00302BAC /* Splash */,
				D8B622861D2D5E1A00302BAC /* Home */,
			);
			path = View;
			sourceTree = "<group>";
		};
		D8B622861D2D5E1A00302BAC /* Home */ = {
			isa = PBXGroup;
			children = (
				D8B6228D1D2D5FD100302BAC /* HomeView.swift */,
			);
			path = Home;
			sourceTree = "<group>";
		};
		D8B622871D2D5E5D00302BAC /* Config */ = {
			isa = PBXGroup;
			children = (
				D8B622881D2D5E8400302BAC /* AppConfig.swift */,
			);
			path = Config;
			sourceTree = "<group>";
		};
		D8B6228A1D2D5E8A00302BAC /* View */ = {
			isa = PBXGroup;
			children = (
				D8B6228B1D2D5ECB00302BAC /* BaseView.swift */,
			);
			name = View;
			sourceTree = "<group>";
		};
		D8B6228F1D2D618500302BAC /* Base */ = {
			isa = PBXGroup;
			children = (
				D8B622901D2D61AD00302BAC /* RappiView.swift */,
			);
			path = Base;
			sourceTree = "<group>";
		};
		D8B622941D2D71B100302BAC /* Styles */ = {
			isa = PBXGroup;
			children = (
				D8B622951D2D71DD00302BAC /* AppDimentions.swift */,
				D8B622971D2D71F500302BAC /* AppStyles.swift */,
			);
			path = Styles;
			sourceTree = "<group>";
		};
		D8B622991D2D72C600302BAC /* Utils */ = {
			isa = PBXGroup;
			children = (
				D8B6229A1D2D72F600302BAC /* Color+Hex.swift */,
			);
			path = Utils;
			sourceTree = "<group>";
		};
		D8B6229C1D2D7C9800302BAC /* Splash */ = {
			isa = PBXGroup;
			children = (
				D812A3A51D312F6D00AF3246 /* SplashViewController.swift */,
			);
			name = Splash;
			path = ../../../../../Rappi/Rappi/Application/Splash;
			sourceTree = "<group>";
		};
		D8B6229F1D2D7EDD00302BAC /* Splash */ = {
			isa = PBXGroup;
			children = (
				D8B622A01D2D7EF800302BAC /* SplashView.swift */,
			);
			path = Splash;
			sourceTree = "<group>";
		};
		D8BBBA5F1D2C65E100D88D13 /* Config */ = {
			isa = PBXGroup;
			children = (
				D8BBBA5D1D2C65DA00D88D13 /* AppConfig.json */,
			);
			path = Config;
			sourceTree = "<group>";
		};
		D8BBBA621D2C7F9F00D88D13 /* Core */ = {
			isa = PBXGroup;
			children = (
				D812A3AD1D32F78900AF3246 /* Router */,
				D812A3AA1D32F70E00AF3246 /* Interactor */,
				D812A3A71D32F6D800AF3246 /* Presenter */,
				D8B622991D2D72C600302BAC /* Utils */,
				D8B6228A1D2D5E8A00302BAC /* View */,
				D8B622871D2D5E5D00302BAC /* Config */,
			);
			path = Core;
			sourceTree = "<group>";
		};
/* End PBXGroup section */

/* Begin PBXNativeTarget section */
		D85A33661D2BD7E8007D9CC8 /* Rappi */ = {
			isa = PBXNativeTarget;
			buildConfigurationList = D85A338F1D2BD7E9007D9CC8 /* Build configuration list for PBXNativeTarget "Rappi" */;
			buildPhases = (
				BF2D9A68094EB411E87B4405 /* Check Pods Manifest.lock */,
				D85A33631D2BD7E8007D9CC8 /* Sources */,
				D85A33641D2BD7E8007D9CC8 /* Frameworks */,
				D85A33651D2BD7E8007D9CC8 /* Resources */,
				DFA86AC7917ABEBAE9953F7C /* Embed Pods Frameworks */,
				6282BC3B26D72BAE834A4200 /* Copy Pods Resources */,
			);
			buildRules = (
			);
			dependencies = (
			);
			name = Rappi;
			productName = Rappi;
			productReference = D85A33671D2BD7E8007D9CC8 /* Rappi.app */;
			productType = "com.apple.product-type.application";
		};
		D85A337A1D2BD7E9007D9CC8 /* RappiTests */ = {
			isa = PBXNativeTarget;
			buildConfigurationList = D85A33921D2BD7E9007D9CC8 /* Build configuration list for PBXNativeTarget "RappiTests" */;
			buildPhases = (
				D85A33771D2BD7E9007D9CC8 /* Sources */,
				D85A33781D2BD7E9007D9CC8 /* Frameworks */,
				D85A33791D2BD7E9007D9CC8 /* Resources */,
			);
			buildRules = (
			);
			dependencies = (
				D85A337D1D2BD7E9007D9CC8 /* PBXTargetDependency */,
			);
			name = RappiTests;
			productName = RappiTests;
			productReference = D85A337B1D2BD7E9007D9CC8 /* RappiTests.xctest */;
			productType = "com.apple.product-type.bundle.unit-test";
		};
		D85A33851D2BD7E9007D9CC8 /* RappiUITests */ = {
			isa = PBXNativeTarget;
			buildConfigurationList = D85A33951D2BD7E9007D9CC8 /* Build configuration list for PBXNativeTarget "RappiUITests" */;
			buildPhases = (
				D85A33821D2BD7E9007D9CC8 /* Sources */,
				D85A33831D2BD7E9007D9CC8 /* Frameworks */,
				D85A33841D2BD7E9007D9CC8 /* Resources */,
			);
			buildRules = (
			);
			dependencies = (
				D85A33881D2BD7E9007D9CC8 /* PBXTargetDependency */,
			);
			name = RappiUITests;
			productName = RappiUITests;
			productReference = D85A33861D2BD7E9007D9CC8 /* RappiUITests.xctest */;
			productType = "com.apple.product-type.bundle.ui-testing";
		};
/* End PBXNativeTarget section */

/* Begin PBXProject section */
		D85A335F1D2BD7E8007D9CC8 /* Project object */ = {
			isa = PBXProject;
			attributes = {
				LastSwiftUpdateCheck = 0720;
				LastUpgradeCheck = 0720;
				ORGANIZATIONNAME = gravility;
				TargetAttributes = {
					D85A33661D2BD7E8007D9CC8 = {
						CreatedOnToolsVersion = 7.2.1;
					};
					D85A337A1D2BD7E9007D9CC8 = {
						CreatedOnToolsVersion = 7.2.1;
						TestTargetID = D85A33661D2BD7E8007D9CC8;
					};
					D85A33851D2BD7E9007D9CC8 = {
						CreatedOnToolsVersion = 7.2.1;
						TestTargetID = D85A33661D2BD7E8007D9CC8;
					};
				};
			};
			buildConfigurationList = D85A33621D2BD7E8007D9CC8 /* Build configuration list for PBXProject "Rappi" */;
			compatibilityVersion = "Xcode 3.2";
			developmentRegion = English;
			hasScannedForEncodings = 0;
			knownRegions = (
				en,
				Base,
				es,
			);
			mainGroup = D85A335E1D2BD7E8007D9CC8;
			productRefGroup = D85A33681D2BD7E8007D9CC8 /* Products */;
			projectDirPath = "";
			projectRoot = "";
			targets = (
				D85A33661D2BD7E8007D9CC8 /* Rappi */,
				D85A337A1D2BD7E9007D9CC8 /* RappiTests */,
				D85A33851D2BD7E9007D9CC8 /* RappiUITests */,
			);
		};
/* End PBXProject section */

/* Begin PBXResourcesBuildPhase section */
		D85A33651D2BD7E8007D9CC8 /* Resources */ = {
			isa = PBXResourcesBuildPhase;
			buildActionMask = 2147483647;
			files = (
				D85A33751D2BD7E8007D9CC8 /* LaunchScreen.storyboard in Resources */,
				D81ACA961D2EBF3F0059C841 /* Localizable.strings in Resources */,
				D8BBBA5E1D2C65DA00D88D13 /* AppConfig.json in Resources */,
				D85A33721D2BD7E8007D9CC8 /* Assets.xcassets in Resources */,
			);
			runOnlyForDeploymentPostprocessing = 0;
		};
		D85A33791D2BD7E9007D9CC8 /* Resources */ = {
			isa = PBXResourcesBuildPhase;
			buildActionMask = 2147483647;
			files = (
			);
			runOnlyForDeploymentPostprocessing = 0;
		};
		D85A33841D2BD7E9007D9CC8 /* Resources */ = {
			isa = PBXResourcesBuildPhase;
			buildActionMask = 2147483647;
			files = (
			);
			runOnlyForDeploymentPostprocessing = 0;
		};
/* End PBXResourcesBuildPhase section */

/* Begin PBXShellScriptBuildPhase section */
		6282BC3B26D72BAE834A4200 /* Copy Pods Resources */ = {
			isa = PBXShellScriptBuildPhase;
			buildActionMask = 2147483647;
			files = (
			);
			inputPaths = (
			);
			name = "Copy Pods Resources";
			outputPaths = (
			);
			runOnlyForDeploymentPostprocessing = 0;
			shellPath = /bin/sh;
			shellScript = "\"${SRCROOT}/Pods/Target Support Files/Pods-Rappi/Pods-Rappi-resources.sh\"\n";
			showEnvVarsInLog = 0;
		};
		BF2D9A68094EB411E87B4405 /* Check Pods Manifest.lock */ = {
			isa = PBXShellScriptBuildPhase;
			buildActionMask = 2147483647;
			files = (
			);
			inputPaths = (
			);
			name = "Check Pods Manifest.lock";
			outputPaths = (
			);
			runOnlyForDeploymentPostprocessing = 0;
			shellPath = /bin/sh;
			shellScript = "diff \"${PODS_ROOT}/../Podfile.lock\" \"${PODS_ROOT}/Manifest.lock\" > /dev/null\nif [[ $? != 0 ]] ; then\n    cat << EOM\nerror: The sandbox is not in sync with the Podfile.lock. Run 'pod install' or update your CocoaPods installation.\nEOM\n    exit 1\nfi\n";
			showEnvVarsInLog = 0;
		};
		DFA86AC7917ABEBAE9953F7C /* Embed Pods Frameworks */ = {
			isa = PBXShellScriptBuildPhase;
			buildActionMask = 2147483647;
			files = (
			);
			inputPaths = (
			);
			name = "Embed Pods Frameworks";
			outputPaths = (
			);
			runOnlyForDeploymentPostprocessing = 0;
			shellPath = /bin/sh;
			shellScript = "\"${SRCROOT}/Pods/Target Support Files/Pods-Rappi/Pods-Rappi-frameworks.sh\"\n";
			showEnvVarsInLog = 0;
		};
/* End PBXShellScriptBuildPhase section */

/* Begin PBXSourcesBuildPhase section */
		D85A33631D2BD7E8007D9CC8 /* Sources */ = {
			isa = PBXSourcesBuildPhase;
			buildActionMask = 2147483647;
			files = (
				D8B622831D2D5C2700302BAC /* HomeViewController.swift in Sources */,
				D8B622891D2D5E8400302BAC /* AppConfig.swift in Sources */,
				D8BBBA681D2C810100D88D13 /* RappiConfig.swift in Sources */,
				D85A33AA1D2C0EF0007D9CC8 /* ViewController+Device.swift in Sources */,
				D812A3AF1D32F79D00AF3246 /* Router.swift in Sources */,
				D8B622931D2D70D600302BAC /* CollectionDataSource.swift in Sources */,
				D85A33BA1D2C1C9D007D9CC8 /* Application+RestManager.swift in Sources */,
				D85A33A11D2C03F4007D9CC8 /* AppDelegate.swift in Sources */,
				D85A33B81D2C1A44007D9CC8 /* RestManager.swift in Sources */,
				D812A3AC1D32F73A00AF3246 /* Interactor.swift in Sources */,
				D85A33A41D2C09F9007D9CC8 /* RappiViewController.swift in Sources */,
				D85A33AC1D2C1700007D9CC8 /* UIView+Style.swift in Sources */,
				D8B622961D2D71DD00302BAC /* AppDimentions.swift in Sources */,
				D8B6228E1D2D5FD100302BAC /* HomeView.swift in Sources */,
				D81ACAA31D300F2F0059C841 /* HomeRouter.swift in Sources */,
				D8B622A11D2D7EF800302BAC /* SplashView.swift in Sources */,
				D812A3A91D32F6F900AF3246 /* Presenter.swift in Sources */,
				D81ACA9B1D2EC3420059C841 /* AppDelegate+Navigation.swift in Sources */,
				D812A3A61D312F6D00AF3246 /* SplashViewController.swift in Sources */,
				D8B622911D2D61AD00302BAC /* RappiView.swift in Sources */,
				D8B622981D2D71F500302BAC /* AppStyles.swift in Sources */,
				D8B6228C1D2D5ECB00302BAC /* BaseView.swift in Sources */,
				D8B6229B1D2D72F600302BAC /* Color+Hex.swift in Sources */,
				D81ACAA11D300F200059C841 /* HomeInteractor.swift in Sources */,
				D85A33BC1D2C1E88007D9CC8 /* AppDelegate+CoreData.swift in Sources */,
				D81ACA9F1D300F0C0059C841 /* HomePresenter.swift in Sources */,
			);
			runOnlyForDeploymentPostprocessing = 0;
		};
		D85A33771D2BD7E9007D9CC8 /* Sources */ = {
			isa = PBXSourcesBuildPhase;
			buildActionMask = 2147483647;
			files = (
				D85A33801D2BD7E9007D9CC8 /* RappiTests.swift in Sources */,
			);
			runOnlyForDeploymentPostprocessing = 0;
		};
		D85A33821D2BD7E9007D9CC8 /* Sources */ = {
			isa = PBXSourcesBuildPhase;
			buildActionMask = 2147483647;
			files = (
				D85A338B1D2BD7E9007D9CC8 /* RappiUITests.swift in Sources */,
			);
			runOnlyForDeploymentPostprocessing = 0;
		};
/* End PBXSourcesBuildPhase section */

/* Begin PBXTargetDependency section */
		D85A337D1D2BD7E9007D9CC8 /* PBXTargetDependency */ = {
			isa = PBXTargetDependency;
			target = D85A33661D2BD7E8007D9CC8 /* Rappi */;
			targetProxy = D85A337C1D2BD7E9007D9CC8 /* PBXContainerItemProxy */;
		};
		D85A33881D2BD7E9007D9CC8 /* PBXTargetDependency */ = {
			isa = PBXTargetDependency;
			target = D85A33661D2BD7E8007D9CC8 /* Rappi */;
			targetProxy = D85A33871D2BD7E9007D9CC8 /* PBXContainerItemProxy */;
		};
/* End PBXTargetDependency section */

/* Begin PBXVariantGroup section */
		D81ACA981D2EBF3F0059C841 /* Localizable.strings */ = {
			isa = PBXVariantGroup;
			children = (
				D81ACA971D2EBF3F0059C841 /* es */,
				D81ACA991D2EBF400059C841 /* en */,
			);
			name = Localizable.strings;
			sourceTree = "<group>";
		};
		D85A33731D2BD7E8007D9CC8 /* LaunchScreen.storyboard */ = {
			isa = PBXVariantGroup;
			children = (
				D85A33741D2BD7E8007D9CC8 /* Base */,
				D81ACA881D2E76420059C841 /* es */,
			);
			name = LaunchScreen.storyboard;
			sourceTree = "<group>";
		};
/* End PBXVariantGroup section */

/* Begin XCBuildConfiguration section */
		D85A338D1D2BD7E9007D9CC8 /* Debug */ = {
			isa = XCBuildConfiguration;
			buildSettings = {
				ALWAYS_SEARCH_USER_PATHS = NO;
				CLANG_CXX_LANGUAGE_STANDARD = "gnu++0x";
				CLANG_CXX_LIBRARY = "libc++";
				CLANG_ENABLE_MODULES = YES;
				CLANG_ENABLE_OBJC_ARC = YES;
				CLANG_WARN_BOOL_CONVERSION = YES;
				CLANG_WARN_CONSTANT_CONVERSION = YES;
				CLANG_WARN_DIRECT_OBJC_ISA_USAGE = YES_ERROR;
				CLANG_WARN_EMPTY_BODY = YES;
				CLANG_WARN_ENUM_CONVERSION = YES;
				CLANG_WARN_INT_CONVERSION = YES;
				CLANG_WARN_OBJC_ROOT_CLASS = YES_ERROR;
				CLANG_WARN_UNREACHABLE_CODE = YES;
				CLANG_WARN__DUPLICATE_METHOD_MATCH = YES;
				"CODE_SIGN_IDENTITY[sdk=iphoneos*]" = "iPhone Developer";
				COPY_PHASE_STRIP = NO;
				DEBUG_INFORMATION_FORMAT = dwarf;
				ENABLE_STRICT_OBJC_MSGSEND = YES;
				ENABLE_TESTABILITY = YES;
				GCC_C_LANGUAGE_STANDARD = gnu99;
				GCC_DYNAMIC_NO_PIC = NO;
				GCC_NO_COMMON_BLOCKS = YES;
				GCC_OPTIMIZATION_LEVEL = 0;
				GCC_PREPROCESSOR_DEFINITIONS = (
					"DEBUG=1",
					"$(inherited)",
				);
				GCC_WARN_64_TO_32_BIT_CONVERSION = YES;
				GCC_WARN_ABOUT_RETURN_TYPE = YES_ERROR;
				GCC_WARN_UNDECLARED_SELECTOR = YES;
				GCC_WARN_UNINITIALIZED_AUTOS = YES_AGGRESSIVE;
				GCC_WARN_UNUSED_FUNCTION = YES;
				GCC_WARN_UNUSED_VARIABLE = YES;
				IPHONEOS_DEPLOYMENT_TARGET = 7.0;
				MTL_ENABLE_DEBUG_INFO = YES;
				ONLY_ACTIVE_ARCH = YES;
				SDKROOT = iphoneos;
				SWIFT_OBJC_BRIDGING_HEADER = "";
				SWIFT_OPTIMIZATION_LEVEL = "-Onone";
				TARGETED_DEVICE_FAMILY = "1,2";
			};
			name = Debug;
		};
		D85A338E1D2BD7E9007D9CC8 /* Release */ = {
			isa = XCBuildConfiguration;
			buildSettings = {
				ALWAYS_SEARCH_USER_PATHS = NO;
				CLANG_CXX_LANGUAGE_STANDARD = "gnu++0x";
				CLANG_CXX_LIBRARY = "libc++";
				CLANG_ENABLE_MODULES = YES;
				CLANG_ENABLE_OBJC_ARC = YES;
				CLANG_WARN_BOOL_CONVERSION = YES;
				CLANG_WARN_CONSTANT_CONVERSION = YES;
				CLANG_WARN_DIRECT_OBJC_ISA_USAGE = YES_ERROR;
				CLANG_WARN_EMPTY_BODY = YES;
				CLANG_WARN_ENUM_CONVERSION = YES;
				CLANG_WARN_INT_CONVERSION = YES;
				CLANG_WARN_OBJC_ROOT_CLASS = YES_ERROR;
				CLANG_WARN_UNREACHABLE_CODE = YES;
				CLANG_WARN__DUPLICATE_METHOD_MATCH = YES;
				"CODE_SIGN_IDENTITY[sdk=iphoneos*]" = "iPhone Developer";
				COPY_PHASE_STRIP = NO;
				DEBUG_INFORMATION_FORMAT = "dwarf-with-dsym";
				ENABLE_NS_ASSERTIONS = NO;
				ENABLE_STRICT_OBJC_MSGSEND = YES;
				GCC_C_LANGUAGE_STANDARD = gnu99;
				GCC_NO_COMMON_BLOCKS = YES;
				GCC_WARN_64_TO_32_BIT_CONVERSION = YES;
				GCC_WARN_ABOUT_RETURN_TYPE = YES_ERROR;
				GCC_WARN_UNDECLARED_SELECTOR = YES;
				GCC_WARN_UNINITIALIZED_AUTOS = YES_AGGRESSIVE;
				GCC_WARN_UNUSED_FUNCTION = YES;
				GCC_WARN_UNUSED_VARIABLE = YES;
				IPHONEOS_DEPLOYMENT_TARGET = 7.0;
				MTL_ENABLE_DEBUG_INFO = NO;
				SDKROOT = iphoneos;
				SWIFT_OBJC_BRIDGING_HEADER = "";
				TARGETED_DEVICE_FAMILY = "1,2";
				VALIDATE_PRODUCT = YES;
			};
			name = Release;
		};
		D85A33901D2BD7E9007D9CC8 /* Debug */ = {
			isa = XCBuildConfiguration;
			baseConfigurationReference = 05507244113781D7AE5BBC9E /* Pods-Rappi.debug.xcconfig */;
			buildSettings = {
				ASSETCATALOG_COMPILER_APPICON_NAME = AppIcon;
				INFOPLIST_FILE = Rappi/Info.plist;
				IPHONEOS_DEPLOYMENT_TARGET = 7.0;
				LD_RUNPATH_SEARCH_PATHS = "$(inherited) @executable_path/Frameworks";
				PRODUCT_BUNDLE_IDENTIFIER = com.gravility.Rappi;
				PRODUCT_NAME = "$(TARGET_NAME)";
				SWIFT_OBJC_BRIDGING_HEADER = "";
				TARGETED_DEVICE_FAMILY = "1,2";
			};
			name = Debug;
		};
		D85A33911D2BD7E9007D9CC8 /* Release */ = {
			isa = XCBuildConfiguration;
			baseConfigurationReference = 17352A2FDA33D1D03AA9D059 /* Pods-Rappi.release.xcconfig */;
			buildSettings = {
				ASSETCATALOG_COMPILER_APPICON_NAME = AppIcon;
				INFOPLIST_FILE = Rappi/Info.plist;
				IPHONEOS_DEPLOYMENT_TARGET = 7.0;
				LD_RUNPATH_SEARCH_PATHS = "$(inherited) @executable_path/Frameworks";
				PRODUCT_BUNDLE_IDENTIFIER = com.gravility.Rappi;
				PRODUCT_NAME = "$(TARGET_NAME)";
				SWIFT_OBJC_BRIDGING_HEADER = "";
				TARGETED_DEVICE_FAMILY = "1,2";
			};
			name = Release;
		};
		D85A33931D2BD7E9007D9CC8 /* Debug */ = {
			isa = XCBuildConfiguration;
			buildSettings = {
				BUNDLE_LOADER = "$(TEST_HOST)";
				INFOPLIST_FILE = RappiTests/Info.plist;
				LD_RUNPATH_SEARCH_PATHS = "$(inherited) @executable_path/Frameworks @loader_path/Frameworks";
				PRODUCT_BUNDLE_IDENTIFIER = com.gravility.RappiTests;
				PRODUCT_NAME = "$(TARGET_NAME)";
				TEST_HOST = "$(BUILT_PRODUCTS_DIR)/Rappi.app/Rappi";
			};
			name = Debug;
		};
		D85A33941D2BD7E9007D9CC8 /* Release */ = {
			isa = XCBuildConfiguration;
			buildSettings = {
				BUNDLE_LOADER = "$(TEST_HOST)";
				INFOPLIST_FILE = RappiTests/Info.plist;
				LD_RUNPATH_SEARCH_PATHS = "$(inherited) @executable_path/Frameworks @loader_path/Frameworks";
				PRODUCT_BUNDLE_IDENTIFIER = com.gravility.RappiTests;
				PRODUCT_NAME = "$(TARGET_NAME)";
				TEST_HOST = "$(BUILT_PRODUCTS_DIR)/Rappi.app/Rappi";
			};
			name = Release;
		};
		D85A33961D2BD7E9007D9CC8 /* Debug */ = {
			isa = XCBuildConfiguration;
			buildSettings = {
				INFOPLIST_FILE = RappiUITests/Info.plist;
				LD_RUNPATH_SEARCH_PATHS = "$(inherited) @executable_path/Frameworks @loader_path/Frameworks";
				PRODUCT_BUNDLE_IDENTIFIER = com.gravility.RappiUITests;
				PRODUCT_NAME = "$(TARGET_NAME)";
				SWIFT_OBJC_BRIDGING_HEADER = "";
				TEST_TARGET_NAME = Rappi;
				USER_HEADER_SEARCH_PATHS = "";
				USES_XCTRUNNER = YES;
			};
			name = Debug;
		};
		D85A33971D2BD7E9007D9CC8 /* Release */ = {
			isa = XCBuildConfiguration;
			buildSettings = {
				INFOPLIST_FILE = RappiUITests/Info.plist;
				LD_RUNPATH_SEARCH_PATHS = "$(inherited) @executable_path/Frameworks @loader_path/Frameworks";
				PRODUCT_BUNDLE_IDENTIFIER = com.gravility.RappiUITests;
				PRODUCT_NAME = "$(TARGET_NAME)";
				SWIFT_OBJC_BRIDGING_HEADER = "";
				TEST_TARGET_NAME = Rappi;
				USER_HEADER_SEARCH_PATHS = "";
				USES_XCTRUNNER = YES;
			};
			name = Release;
		};
/* End XCBuildConfiguration section */

/* Begin XCConfigurationList section */
		D85A33621D2BD7E8007D9CC8 /* Build configuration list for PBXProject "Rappi" */ = {
			isa = XCConfigurationList;
			buildConfigurations = (
				D85A338D1D2BD7E9007D9CC8 /* Debug */,
				D85A338E1D2BD7E9007D9CC8 /* Release */,
			);
			defaultConfigurationIsVisible = 0;
			defaultConfigurationName = Release;
		};
		D85A338F1D2BD7E9007D9CC8 /* Build configuration list for PBXNativeTarget "Rappi" */ = {
			isa = XCConfigurationList;
			buildConfigurations = (
				D85A33901D2BD7E9007D9CC8 /* Debug */,
				D85A33911D2BD7E9007D9CC8 /* Release */,
			);
			defaultConfigurationIsVisible = 0;
			defaultConfigurationName = Release;
		};
		D85A33921D2BD7E9007D9CC8 /* Build configuration list for PBXNativeTarget "RappiTests" */ = {
			isa = XCConfigurationList;
			buildConfigurations = (
				D85A33931D2BD7E9007D9CC8 /* Debug */,
				D85A33941D2BD7E9007D9CC8 /* Release */,
			);
			defaultConfigurationIsVisible = 0;
			defaultConfigurationName = Release;
		};
		D85A33951D2BD7E9007D9CC8 /* Build configuration list for PBXNativeTarget "RappiUITests" */ = {
			isa = XCConfigurationList;
			buildConfigurations = (
				D85A33961D2BD7E9007D9CC8 /* Debug */,
				D85A33971D2BD7E9007D9CC8 /* Release */,
			);
			defaultConfigurationIsVisible = 0;
			defaultConfigurationName = Release;
		};
/* End XCConfigurationList section */
	};
	rootObject = D85A335F1D2BD7E8007D9CC8 /* Project object */;
}
